
Microsoft Visual Studio Solution File, Format Version 12.00
# Visual Studio 15
VisualStudioVersion = 15.0.27703.2035
MinimumVisualStudioVersion = 10.0.40219.1
Project("{2150E333-8FDC-42A3-9474-1A3956D46DE8}") = "Core", "Core", "{02AC3500-722F-4214-9752-B1CD581CB5A6}"
EndProject
Project("{FAE04EC0-301F-11D3-BF4B-00C04F79EFBC}") = "ArtifexPay.Backbone", "Artifex.Backbone\ArtifexPay.Backbone.csproj", "{06357D4E-B1C5-46EE-BD32-E32844E036B9}"
EndProject
Project("{2150E333-8FDC-42A3-9474-1A3956D46DE8}") = "Services", "Services", "{2BAA8051-383E-4FDF-855D-D7A43F4E60AD}"
EndProject
Project("{FAE04EC0-301F-11D3-BF4B-00C04F79EFBC}") = "ArtifexPay.Boot", "Artifex.Boot\ArtifexPay.Boot.csproj", "{2751D764-F425-4CC9-8879-5FF6F8EE8516}"
EndProject
Project("{9A19103F-16F7-4668-BE54-9A1E7A4F7556}") = "ArtifexPay.Web", "Artifex.Web\ArtifexPay.Web.csproj", "{A9D8F8E0-7362-4E69-8C3A-A14B6A198F62}"
	ProjectSection(ProjectDependencies) = postProject
		{89C19C2D-7EDB-4CB1-8FC9-DD0529D07784} = {89C19C2D-7EDB-4CB1-8FC9-DD0529D07784}
	EndProjectSection
EndProject
Project("{FAE04EC0-301F-11D3-BF4B-00C04F79EFBC}") = "ArtifexPay.Services", "Services\ArtifexPay.Services\ArtifexPay.Services.csproj", "{89C19C2D-7EDB-4CB1-8FC9-DD0529D07784}"
EndProject
Project("{2150E333-8FDC-42A3-9474-1A3956D46DE8}") = "Audit", "Audit", "{19ACE23A-E04E-43E3-B5E3-3445C119054A}"
EndProject
Project("{2150E333-8FDC-42A3-9474-1A3956D46DE8}") = "Cache", "Cache", "{CDEADBAC-7B26-4D25-B2EC-62E584387F67}"
EndProject
Project("{2150E333-8FDC-42A3-9474-1A3956D46DE8}") = "Data", "Data", "{22B6E676-E2C6-4A41-8D5F-E0B20C37B9B2}"
EndProject
Project("{2150E333-8FDC-42A3-9474-1A3956D46DE8}") = "Exception", "Exception", "{5168872C-CD9A-4FDA-B596-3B277050B3EE}"
EndProject
Project("{2150E333-8FDC-42A3-9474-1A3956D46DE8}") = "Security", "Security", "{04897172-075F-406C-92D4-9C1E32391FDE}"
EndProject
Project("{FAE04EC0-301F-11D3-BF4B-00C04F79EFBC}") = "ArtifexPay.Core.Audit", "Core\Audit\ArtifexPay.Core.Audit\ArtifexPay.Core.Audit.csproj", "{4E352131-A8F8-43AB-B19E-38BD39C03B69}"
EndProject
Project("{FAE04EC0-301F-11D3-BF4B-00C04F79EFBC}") = "ArtifexPay.Core.Cache", "Core\Cache\ArtifexPay.Core.Cache\ArtifexPay.Core.Cache.csproj", "{5D17C3FD-FF35-441B-AB7D-60A3829A70DF}"
EndProject
Project("{FAE04EC0-301F-11D3-BF4B-00C04F79EFBC}") = "ArtifexPay.Core.Data", "Core\Data\ArtifexPay.Core.Data\ArtifexPay.Core.Data.csproj", "{D50BA341-6B3A-43DE-8CF2-448D794819B4}"
EndProject
Project("{FAE04EC0-301F-11D3-BF4B-00C04F79EFBC}") = "ArtifexPay.Core.Exception", "Core\Exception\ArtifexPay.Core.Exception\ArtifexPay.Core.Exception.csproj", "{0895E9EB-A4EE-4131-8081-FF46F8E6A5C1}"
EndProject
Project("{FAE04EC0-301F-11D3-BF4B-00C04F79EFBC}") = "ArtifexPay.Core.Security", "Core\Security\ArtifexPay.Core.Security\ArtifexPay.Core.Security.csproj", "{075FE135-E697-4C92-A655-8567F9F55B8B}"
EndProject
Project("{FAE04EC0-301F-11D3-BF4B-00C04F79EFBC}") = "ArtifexPay.Core.Security.Provider", "Core\Security\ArtifexPay.Core.Security.Provider\ArtifexPay.Core.Security.Provider.csproj", "{B7A55969-2010-459A-9F94-9289583CB8AA}"
EndProject
Global
	GlobalSection(SolutionConfigurationPlatforms) = preSolution
		Debug|Any CPU = Debug|Any CPU
		Release|Any CPU = Release|Any CPU
	EndGlobalSection
	GlobalSection(ProjectConfigurationPlatforms) = postSolution
		{06357D4E-B1C5-46EE-BD32-E32844E036B9}.Debug|Any CPU.ActiveCfg = Debug|Any CPU
		{06357D4E-B1C5-46EE-BD32-E32844E036B9}.Debug|Any CPU.Build.0 = Debug|Any CPU
		{06357D4E-B1C5-46EE-BD32-E32844E036B9}.Release|Any CPU.ActiveCfg = Release|Any CPU
		{06357D4E-B1C5-46EE-BD32-E32844E036B9}.Release|Any CPU.Build.0 = Release|Any CPU
		{2751D764-F425-4CC9-8879-5FF6F8EE8516}.Debug|Any CPU.ActiveCfg = Debug|Any CPU
		{2751D764-F425-4CC9-8879-5FF6F8EE8516}.Debug|Any CPU.Build.0 = Debug|Any CPU
		{2751D764-F425-4CC9-8879-5FF6F8EE8516}.Release|Any CPU.ActiveCfg = Release|Any CPU
		{2751D764-F425-4CC9-8879-5FF6F8EE8516}.Release|Any CPU.Build.0 = Release|Any CPU
		{A9D8F8E0-7362-4E69-8C3A-A14B6A198F62}.Debug|Any CPU.ActiveCfg = Debug|Any CPU
		{A9D8F8E0-7362-4E69-8C3A-A14B6A198F62}.Debug|Any CPU.Build.0 = Debug|Any CPU
		{A9D8F8E0-7362-4E69-8C3A-A14B6A198F62}.Release|Any CPU.ActiveCfg = Release|Any CPU
		{A9D8F8E0-7362-4E69-8C3A-A14B6A198F62}.Release|Any CPU.Build.0 = Release|Any CPU
		{89C19C2D-7EDB-4CB1-8FC9-DD0529D07784}.Debug|Any CPU.ActiveCfg = Debug|Any CPU
		{89C19C2D-7EDB-4CB1-8FC9-DD0529D07784}.Debug|Any CPU.Build.0 = Debug|Any CPU
		{89C19C2D-7EDB-4CB1-8FC9-DD0529D07784}.Release|Any CPU.ActiveCfg = Release|Any CPU
		{89C19C2D-7EDB-4CB1-8FC9-DD0529D07784}.Release|Any CPU.Build.0 = Release|Any CPU
		{4E352131-A8F8-43AB-B19E-38BD39C03B69}.Debug|Any CPU.ActiveCfg = Debug|Any CPU
		{4E352131-A8F8-43AB-B19E-38BD39C03B69}.Debug|Any CPU.Build.0 = Debug|Any CPU
		{4E352131-A8F8-43AB-B19E-38BD39C03B69}.Release|Any CPU.ActiveCfg = Release|Any CPU
		{4E352131-A8F8-43AB-B19E-38BD39C03B69}.Release|Any CPU.Build.0 = Release|Any CPU
		{5D17C3FD-FF35-441B-AB7D-60A3829A70DF}.Debug|Any CPU.ActiveCfg = Debug|Any CPU
		{5D17C3FD-FF35-441B-AB7D-60A3829A70DF}.Debug|Any CPU.Build.0 = Debug|Any CPU
		{5D17C3FD-FF35-441B-AB7D-60A3829A70DF}.Release|Any CPU.ActiveCfg = Release|Any CPU
		{5D17C3FD-FF35-441B-AB7D-60A3829A70DF}.Release|Any CPU.Build.0 = Release|Any CPU
		{D50BA341-6B3A-43DE-8CF2-448D794819B4}.Debug|Any CPU.ActiveCfg = Debug|Any CPU
		{D50BA341-6B3A-43DE-8CF2-448D794819B4}.Debug|Any CPU.Build.0 = Debug|Any CPU
		{D50BA341-6B3A-43DE-8CF2-448D794819B4}.Release|Any CPU.ActiveCfg = Release|Any CPU
		{D50BA341-6B3A-43DE-8CF2-448D794819B4}.Release|Any CPU.Build.0 = Release|Any CPU
		{0895E9EB-A4EE-4131-8081-FF46F8E6A5C1}.Debug|Any CPU.ActiveCfg = Debug|Any CPU
		{0895E9EB-A4EE-4131-8081-FF46F8E6A5C1}.Debug|Any CPU.Build.0 = Debug|Any CPU
		{0895E9EB-A4EE-4131-8081-FF46F8E6A5C1}.Release|Any CPU.ActiveCfg = Release|Any CPU
		{0895E9EB-A4EE-4131-8081-FF46F8E6A5C1}.Release|Any CPU.Build.0 = Release|Any CPU
		{075FE135-E697-4C92-A655-8567F9F55B8B}.Debug|Any CPU.ActiveCfg = Debug|Any CPU
		{075FE135-E697-4C92-A655-8567F9F55B8B}.Debug|Any CPU.Build.0 = Debug|Any CPU
		{075FE135-E697-4C92-A655-8567F9F55B8B}.Release|Any CPU.ActiveCfg = Release|Any CPU
		{075FE135-E697-4C92-A655-8567F9F55B8B}.Release|Any CPU.Build.0 = Release|Any CPU
		{B7A55969-2010-459A-9F94-9289583CB8AA}.Debug|Any CPU.ActiveCfg = Debug|Any CPU
		{B7A55969-2010-459A-9F94-9289583CB8AA}.Debug|Any CPU.Build.0 = Debug|Any CPU
		{B7A55969-2010-459A-9F94-9289583CB8AA}.Release|Any CPU.ActiveCfg = Release|Any CPU
		{B7A55969-2010-459A-9F94-9289583CB8AA}.Release|Any CPU.Build.0 = Release|Any CPU
	EndGlobalSection
	GlobalSection(SolutionProperties) = preSolution
		HideSolutionNode = FALSE
	EndGlobalSection
	GlobalSection(NestedProjects) = preSolution
		{89C19C2D-7EDB-4CB1-8FC9-DD0529D07784} = {2BAA8051-383E-4FDF-855D-D7A43F4E60AD}
		{19ACE23A-E04E-43E3-B5E3-3445C119054A} = {02AC3500-722F-4214-9752-B1CD581CB5A6}
		{CDEADBAC-7B26-4D25-B2EC-62E584387F67} = {02AC3500-722F-4214-9752-B1CD581CB5A6}
		{22B6E676-E2C6-4A41-8D5F-E0B20C37B9B2} = {02AC3500-722F-4214-9752-B1CD581CB5A6}
		{5168872C-CD9A-4FDA-B596-3B277050B3EE} = {02AC3500-722F-4214-9752-B1CD581CB5A6}
		{04897172-075F-406C-92D4-9C1E32391FDE} = {02AC3500-722F-4214-9752-B1CD581CB5A6}
		{4E352131-A8F8-43AB-B19E-38BD39C03B69} = {19ACE23A-E04E-43E3-B5E3-3445C119054A}
		{5D17C3FD-FF35-441B-AB7D-60A3829A70DF} = {CDEADBAC-7B26-4D25-B2EC-62E584387F67}
		{D50BA341-6B3A-43DE-8CF2-448D794819B4} = {22B6E676-E2C6-4A41-8D5F-E0B20C37B9B2}
		{0895E9EB-A4EE-4131-8081-FF46F8E6A5C1} = {5168872C-CD9A-4FDA-B596-3B277050B3EE}
		{075FE135-E697-4C92-A655-8567F9F55B8B} = {04897172-075F-406C-92D4-9C1E32391FDE}
		{B7A55969-2010-459A-9F94-9289583CB8AA} = {04897172-075F-406C-92D4-9C1E32391FDE}
	EndGlobalSection
	GlobalSection(ExtensibilityGlobals) = postSolution
		SolutionGuid = {A47CFFD9-305D-4EC0-B435-BC226EA5DE63}
	EndGlobalSection
EndGlobal
